# This file is automatically @generated by Cargo.
# It is not intended for manual editing.
version = 4

[[package]]
name = "reinfer"
version = "0.1.0"
dependencies = [
 "reinfer-core",
]

[[package]]
name = "reinfer-arch"
version = "0.1.0"

[[package]]
name = "reinfer-ascend"
version = "0.1.0"

[[package]]
name = "reinfer-cache"
version = "0.1.0"

[[package]]
name = "reinfer-core"
version = "0.1.0"

[[package]]
name = "reinfer-cpu"
version = "0.1.0"

[[package]]
name = "reinfer-cuda"
version = "0.1.0"

[[package]]
name = "reinfer-gguf"
version = "0.1.0"

[[package]]
name = "reinfer-grammar"
version = "0.1.0"

[[package]]
name = "reinfer-ipc"
version = "0.1.0"

[[package]]
name = "reinfer-jit"
version = "0.1.0"

[[package]]
name = "reinfer-kernels"
version = "0.1.0"

[[package]]
name = "reinfer-memory"
version = "0.1.0"

[[package]]
name = "reinfer-samplers"
version = "0.1.0"

[[package]]
name = "reinfer-scheduler"
version = "0.1.0"

[[package]]
name = "reinfer-server"
version = "0.1.0"

[[patch.unused]]
name = "cann"
version = "0.1.1"

[[patch.unused]]
name = "cann-sys"
version = "0.1.1"
